// !$*UTF8*$!
{
	archiveVersion = 1;
	classes = {
	};
	objectVersion = 77;
	objects = {

/* Begin PBXContainerItemProxy section */
		87C13F632E3C7952003BBBDF /* PBXContainerItemProxy */ = {
			isa = PBXContainerItemProxy;
			containerPortal = 87C13F4D2E3C794C003BBBDF /* Project object */;
			proxyType = 1;
			remoteGlobalIDString = 87C13F542E3C794C003BBBDF;
			remoteInfo = Wasei;
		};
		87C13F6D2E3C7952003BBBDF /* PBXContainerItemProxy */ = {
			isa = PBXContainerItemProxy;
			containerPortal = 87C13F4D2E3C794C003BBBDF /* Project object */;
			proxyType = 1;
			remoteGlobalIDString = 87C13F542E3C794C003BBBDF;
			remoteInfo = Wasei;
		};
/* End PBXContainerItemProxy section */

/* Begin PBXFileReference section */
		87C13F552E3C794C003BBBDF /* Wasei.app */ = {isa = PBXFileReference; explicitFileType = wrapper.application; includeInIndex = 0; path = Wasei.app; sourceTree = BUILT_PRODUCTS_DIR; };
		87C13F622E3C7952003BBBDF /* WaseiTests.xctest */ = {isa = PBXFileReference; explicitFileType = wrapper.cfbundle; includeInIndex = 0; path = WaseiTests.xctest; sourceTree = BUILT_PRODUCTS_DIR; };
		87C13F6C2E3C7952003BBBDF /* WaseiUITests.xctest */ = {isa = PBXFileReference; explicitFileType = wrapper.cfbundle; includeInIndex = 0; path = WaseiUITests.xctest; sourceTree = BUILT_PRODUCTS_DIR; };
/* End PBXFileReference section */

/* Begin PBXFileSystemSynchronizedRootGroup section */
		87C13F572E3C794C003BBBDF /* Wasei */ = {
			isa = PBXFileSystemSynchronizedRootGroup;
			path = Wasei;
			sourceTree = "<group>";
		};
		87C13F652E3C7952003BBBDF /* WaseiTests */ = {
			isa = PBXFileSystemSynchronizedRootGroup;
			path = WaseiTests;
			sourceTree = "<group>";
		};
		87C13F6F2E3C7952003BBBDF /* WaseiUITests */ = {
			isa = PBXFileSystemSynchronizedRootGroup;
			path = WaseiUITests;
			sourceTree = "<group>";
		};
/* End PBXFileSystemSynchronizedRootGroup section */

/* Begin PBXFrameworksBuildPhase section */
		87C13F522E3C794C003BBBDF /* Frameworks */ = {
			isa = PBXFrameworksBuildPhase;
			buildActionMask = 2147483647;
			files = (
			);
			runOnlyForDeploymentPostprocessing = 0;
		};
		87C13F5F2E3C7952003BBBDF /* Frameworks */ = {
			isa = PBXFrameworksBuildPhase;
			buildActionMask = 2147483647;
			files = (
			);
			runOnlyForDeploymentPostprocessing = 0;
		};
		87C13F692E3C7952003BBBDF /* Frameworks */ = {
			isa = PBXFrameworksBuildPhase;
			buildActionMask = 2147483647;
			files = (
			);
			runOnlyForDeploymentPostprocessing = 0;
		};
/* End PBXFrameworksBuildPhase section */

/* Begin PBXGroup section */
		87C13F4C2E3C794C003BBBDF = {
			isa = PBXGroup;
			children = (
				87C13F572E3C794C003BBBDF /* Wasei */,
				87C13F652E3C7952003BBBDF /* WaseiTests */,
				87C13F6F2E3C7952003BBBDF /* WaseiUITests */,
				87C13F562E3C794C003BBBDF /* Products */,
			);
			sourceTree = "<group>";
		};
		87C13F562E3C794C003BBBDF /* Products */ = {
			isa = PBXGroup;
			children = (
				87C13F552E3C794C003BBBDF /* Wasei.app */,
				87C13F622E3C7952003BBBDF /* WaseiTests.xctest */,
				87C13F6C2E3C7952003BBBDF /* WaseiUITests.xctest */,
			);
			name = Products;
			sourceTree = "<group>";
		};
/* End PBXGroup section */

/* Begin PBXNativeTarget section */
		87C13F542E3C794C003BBBDF /* Wasei */ = {
			isa = PBXNativeTarget;
			buildConfigurationList = 87C13F762E3C7952003BBBDF /* Build configuration list for PBXNativeTarget "Wasei" */;
			buildPhases = (
				87C13F512E3C794C003BBBDF /* Sources */,
				87C13F522E3C794C003BBBDF /* Frameworks */,
				87C13F532E3C794C003BBBDF /* Resources */,
			);
			buildRules = (
			);
			dependencies = (
			);
			fileSystemSynchronizedGroups = (
				87C13F572E3C794C003BBBDF /* Wasei */,
			);
			name = Wasei;
			packageProductDependencies = (
			);
			productName = Wasei;
			productReference = 87C13F552E3C794C003BBBDF /* Wasei.app */;
			productType = "com.apple.product-type.application";
		};
		87C13F612E3C7952003BBBDF /* WaseiTests */ = {
			isa = PBXNativeTarget;
			buildConfigurationList = 87C13F792E3C7952003BBBDF /* Build configuration list for PBXNativeTarget "WaseiTests" */;
			buildPhases = (
				87C13F5E2E3C7952003BBBDF /* Sources */,
				87C13F5F2E3C7952003BBBDF /* Frameworks */,
				87C13F602E3C7952003BBBDF /* Resources */,
			);
			buildRules = (
			);
			dependencies = (
				87C13F642E3C7952003BBBDF /* PBXTargetDependency */,
			);
			fileSystemSynchronizedGroups = (
				87C13F652E3C7952003BBBDF /* WaseiTests */,
			);
			name = WaseiTests;
			packageProductDependencies = (
			);
			productName = WaseiTests;
			productReference = 87C13F622E3C7952003BBBDF /* WaseiTests.xctest */;
			productType = "com.apple.product-type.bundle.unit-test";
		};
		87C13F6B2E3C7952003BBBDF /* WaseiUITests */ = {
			isa = PBXNativeTarget;
			buildConfigurationList = 87C13F7C2E3C7952003BBBDF /* Build configuration list for PBXNativeTarget "WaseiUITests" */;
			buildPhases = (
				87C13F682E3C7952003BBBDF /* Sources */,
				87C13F692E3C7952003BBBDF /* Frameworks */,
				87C13F6A2E3C7952003BBBDF /* Resources */,
			);
			buildRules = (
			);
			dependencies = (
				87C13F6E2E3C7952003BBBDF /* PBXTargetDependency */,
			);
			fileSystemSynchronizedGroups = (
				87C13F6F2E3C7952003BBBDF /* WaseiUITests */,
			);
			name = WaseiUITests;
			packageProductDependencies = (
			);
			productName = WaseiUITests;
			productReference = 87C13F6C2E3C7952003BBBDF /* WaseiUITests.xctest */;
			productType = "com.apple.product-type.bundle.ui-testing";
		};
/* End PBXNativeTarget section */

/* Begin PBXProject section */
		87C13F4D2E3C794C003BBBDF /* Project object */ = {
			isa = PBXProject;
			attributes = {
				BuildIndependentTargetsInParallel = 1;
				LastSwiftUpdateCheck = 1640;
				LastUpgradeCheck = 1640;
				TargetAttributes = {
					87C13F542E3C794C003BBBDF = {
						CreatedOnToolsVersion = 16.4;
					};
					87C13F612E3C7952003BBBDF = {
						CreatedOnToolsVersion = 16.4;
						TestTargetID = 87C13F542E3C794C003BBBDF;
					};
					87C13F6B2E3C7952003BBBDF = {
						CreatedOnToolsVersion = 16.4;
						TestTargetID = 87C13F542E3C794C003BBBDF;
					};
				};
			};
			buildConfigurationList = 87C13F502E3C794C003BBBDF /* Build configuration list for PBXProject "Wasei" */;
			developmentRegion = en;
			hasScannedForEncodings = 0;
			knownRegions = (
				en,
				Base,
			);
			mainGroup = 87C13F4C2E3C794C003BBBDF;
			minimizedProjectReferenceProxies = 1;
			preferredProjectObjectVersion = 77;
			productRefGroup = 87C13F562E3C794C003BBBDF /* Products */;
			projectDirPath = "";
			projectRoot = "";
			targets = (
				87C13F542E3C794C003BBBDF /* Wasei */,
				87C13F612E3C7952003BBBDF /* WaseiTests */,
				87C13F6B2E3C7952003BBBDF /* WaseiUITests */,
			);
		};
/* End PBXProject section */

/* Begin PBXResourcesBuildPhase section */
		87C13F532E3C794C003BBBDF /* Resources */ = {
			isa = PBXResourcesBuildPhase;
			buildActionMask = 2147483647;
			files = (
			);
			runOnlyForDeploymentPostprocessing = 0;
		};
		87C13F602E3C7952003BBBDF /* Resources */ = {
			isa = PBXResourcesBuildPhase;
			buildActionMask = 2147483647;
			files = (
			);
			runOnlyForDeploymentPostprocessing = 0;
		};
		87C13F6A2E3C7952003BBBDF /* Resources */ = {
			isa = PBXResourcesBuildPhase;
			buildActionMask = 2147483647;
			files = (
			);
			runOnlyForDeploymentPostprocessing = 0;
		};
/* End PBXResourcesBuildPhase section */

/* Begin PBXSourcesBuildPhase section */
		87C13F512E3C794C003BBBDF /* Sources */ = {
			isa = PBXSourcesBuildPhase;
			buildActionMask = 2147483647;
			files = (
			);
			runOnlyForDeploymentPostprocessing = 0;
		};
		87C13F5E2E3C7952003BBBDF /* Sources */ = {
			isa = PBXSourcesBuildPhase;
			buildActionMask = 2147483647;
			files = (
			);
			runOnlyForDeploymentPostprocessing = 0;
		};
		87C13F682E3C7952003BBBDF /* Sources */ = {
			isa = PBXSourcesBuildPhase;
			buildActionMask = 2147483647;
			files = (
			);
			runOnlyForDeploymentPostprocessing = 0;
		};
/* End PBXSourcesBuildPhase section */

/* Begin PBXTargetDependency section */
		87C13F642E3C7952003BBBDF /* PBXTargetDependency */ = {
			isa = PBXTargetDependency;
			target = 87C13F542E3C794C003BBBDF /* Wasei */;
			targetProxy = 87C13F632E3C7952003BBBDF /* PBXContainerItemProxy */;
		};
		87C13F6E2E3C7952003BBBDF /* PBXTargetDependency */ = {
			isa = PBXTargetDependency;
			target = 87C13F542E3C794C003BBBDF /* Wasei */;
			targetProxy = 87C13F6D2E3C7952003BBBDF /* PBXContainerItemProxy */;
		};
/* End PBXTargetDependency section */

/* Begin XCBuildConfiguration section */
		87C13F742E3C7952003BBBDF /* Debug */ = {
			isa = XCBuildConfiguration;
			buildSettings = {
				ALWAYS_SEARCH_USER_PATHS = NO;
				ASSETCATALOG_COMPILER_GENERATE_SWIFT_ASSET_SYMBOL_EXTENSIONS = YES;
				CLANG_ANALYZER_NONNULL = YES;
				CLANG_ANALYZER_NUMBER_OBJECT_CONVERSION = YES_AGGRESSIVE;
				CLANG_CXX_LANGUAGE_STANDARD = "gnu++20";
				CLANG_ENABLE_MODULES = YES;
				CLANG_ENABLE_OBJC_ARC = YES;
				CLANG_ENABLE_OBJC_WEAK = YES;
				CLANG_WARN_BLOCK_CAPTURE_AUTORELEASING = YES;
				CLANG_WARN_BOOL_CONVERSION = YES;
				CLANG_WARN_COMMA = YES;
				CLANG_WARN_CONSTANT_CONVERSION = YES;
				CLANG_WARN_DEPRECATED_OBJC_IMPLEMENTATIONS = YES;
				CLANG_WARN_DIRECT_OBJC_ISA_USAGE = YES_ERROR;
				CLANG_WARN_DOCUMENTATION_COMMENTS = YES;
				CLANG_WARN_EMPTY_BODY = YES;
				CLANG_WARN_ENUM_CONVERSION = YES;
				CLANG_WARN_INFINITE_RECURSION = YES;
				CLANG_WARN_INT_CONVERSION = YES;
				CLANG_WARN_NON_LITERAL_NULL_CONVERSION = YES;
				CLANG_WARN_OBJC_IMPLICIT_RETAIN_SELF = YES;
				CLANG_WARN_OBJC_LITERAL_CONVERSION = YES;
				CLANG_WARN_OBJC_ROOT_CLASS = YES_ERROR;
				CLANG_WARN_QUOTED_INCLUDE_IN_FRAMEWORK_HEADER = YES;
				CLANG_WARN_RANGE_LOOP_ANALYSIS = YES;
				CLANG_WARN_STRICT_PROTOTYPES = YES;
				CLANG_WARN_SUSPICIOUS_MOVE = YES;
				CLANG_WARN_UNGUARDED_AVAILABILITY = YES_AGGRESSIVE;
				CLANG_WARN_UNREACHABLE_CODE = YES;
				CLANG_WARN__DUPLICATE_METHOD_MATCH = YES;
				COPY_PHASE_STRIP = NO;
				DEBUG_INFORMATION_FORMAT = dwarf;
				DEVELOPMENT_TEAM = YL5H56U3P2;
				ENABLE_STRICT_OBJC_MSGSEND = YES;
				ENABLE_TESTABILITY = YES;
				ENABLE_USER_SCRIPT_SANDBOXING = YES;
				GCC_C_LANGUAGE_STANDARD = gnu17;
				GCC_DYNAMIC_NO_PIC = NO;
				GCC_NO_COMMON_BLOCKS = YES;
				GCC_OPTIMIZATION_LEVEL = 0;
				GCC_PREPROCESSOR_DEFINITIONS = (
					"DEBUG=1",
					"$(inherited)",
				);
				GCC_WARN_64_TO_32_BIT_CONVERSION = YES;
				GCC_WARN_ABOUT_RETURN_TYPE = YES_ERROR;
				GCC_WARN_UNDECLARED_SELECTOR = YES;
				GCC_WARN_UNINITIALIZED_AUTOS = YES_AGGRESSIVE;
				GCC_WARN_UNUSED_FUNCTION = YES;
				GCC_WARN_UNUSED_VARIABLE = YES;
				IPHONEOS_DEPLOYMENT_TARGET = 18.5;
				LOCALIZATION_PREFERS_STRING_CATALOGS = YES;
				MTL_ENABLE_DEBUG_INFO = INCLUDE_SOURCE;
				MTL_FAST_MATH = YES;
				ONLY_ACTIVE_ARCH = YES;
				SDKROOT = iphoneos;
				SWIFT_ACTIVE_COMPILATION_CONDITIONS = "DEBUG $(inherited)";
				SWIFT_OPTIMIZATION_LEVEL = "-Onone";
			};
			name = Debug;
		};
		87C13F752E3C7952003BBBDF /* Release */ = {
			isa = XCBuildConfiguration;
			buildSettings = {
				ALWAYS_SEARCH_USER_PATHS = NO;
				ASSETCATALOG_COMPILER_GENERATE_SWIFT_ASSET_SYMBOL_EXTENSIONS = YES;
				CLANG_ANALYZER_NONNULL = YES;
				CLANG_ANALYZER_NUMBER_OBJECT_CONVERSION = YES_AGGRESSIVE;
				CLANG_CXX_LANGUAGE_STANDARD = "gnu++20";
				CLANG_ENABLE_MODULES = YES;
				CLANG_ENABLE_OBJC_ARC = YES;
				CLANG_ENABLE_OBJC_WEAK = YES;
				CLANG_WARN_BLOCK_CAPTURE_AUTORELEASING = YES;
				CLANG_WARN_BOOL_CONVERSION = YES;
				CLANG_WARN_COMMA = YES;
				CLANG_WARN_CONSTANT_CONVERSION = YES;
				CLANG_WARN_DEPRECATED_OBJC_IMPLEMENTATIONS = YES;
				CLANG_WARN_DIRECT_OBJC_ISA_USAGE = YES_ERROR;
				CLANG_WARN_DOCUMENTATION_COMMENTS = YES;
				CLANG_WARN_EMPTY_BODY = YES;
				CLANG_WARN_ENUM_CONVERSION = YES;
				CLANG_WARN_INFINITE_RECURSION = YES;
				CLANG_WARN_INT_CONVERSION = YES;
				CLANG_WARN_NON_LITERAL_NULL_CONVERSION = YES;
				CLANG_WARN_OBJC_IMPLICIT_RETAIN_SELF = YES;
				CLANG_WARN_OBJC_LITERAL_CONVERSION = YES;
				CLANG_WARN_OBJC_ROOT_CLASS = YES_ERROR;
				CLANG_WARN_QUOTED_INCLUDE_IN_FRAMEWORK_HEADER = YES;
				CLANG_WARN_RANGE_LOOP_ANALYSIS = YES;
				CLANG_WARN_STRICT_PROTOTYPES = YES;
				CLANG_WARN_SUSPICIOUS_MOVE = YES;
				CLANG_WARN_UNGUARDED_AVAILABILITY = YES_AGGRESSIVE;
				CLANG_WARN_UNREACHABLE_CODE = YES;
				CLANG_WARN__DUPLICATE_METHOD_MATCH = YES;
				COPY_PHASE_STRIP = NO;
				DEBUG_INFORMATION_FORMAT = "dwarf-with-dsym";
				DEVELOPMENT_TEAM = YL5H56U3P2;
				ENABLE_NS_ASSERTIONS = NO;
				ENABLE_STRICT_OBJC_MSGSEND = YES;
				ENABLE_USER_SCRIPT_SANDBOXING = YES;
				GCC_C_LANGUAGE_STANDARD = gnu17;
				GCC_NO_COMMON_BLOCKS = YES;
				GCC_WARN_64_TO_32_BIT_CONVERSION = YES;
				GCC_WARN_ABOUT_RETURN_TYPE = YES_ERROR;
				GCC_WARN_UNDECLARED_SELECTOR = YES;
				GCC_WARN_UNINITIALIZED_AUTOS = YES_AGGRESSIVE;
				GCC_WARN_UNUSED_FUNCTION = YES;
				GCC_WARN_UNUSED_VARIABLE = YES;
				IPHONEOS_DEPLOYMENT_TARGET = 18.5;
				LOCALIZATION_PREFERS_STRING_CATALOGS = YES;
				MTL_ENABLE_DEBUG_INFO = NO;
				MTL_FAST_MATH = YES;
				SDKROOT = iphoneos;
				SWIFT_COMPILATION_MODE = wholemodule;
				VALIDATE_PRODUCT = YES;
			};
			name = Release;
		};
		87C13F772E3C7952003BBBDF /* Debug */ = {
			isa = XCBuildConfiguration;
			buildSettings = {
				ASSETCATALOG_COMPILER_APPICON_NAME = AppIcon;
				ASSETCATALOG_COMPILER_GLOBAL_ACCENT_COLOR_NAME = AccentColor;
				CODE_SIGN_STYLE = Automatic;
				CURRENT_PROJECT_VERSION = 1;
				DEVELOPMENT_TEAM = YL5H56U3P2;
				ENABLE_PREVIEWS = YES;
				GENERATE_INFOPLIST_FILE = YES;
				INFOPLIST_KEY_UIApplicationSceneManifest_Generation = YES;
				INFOPLIST_KEY_UIApplicationSupportsIndirectInputEvents = YES;
				INFOPLIST_KEY_UILaunchScreen_Generation = YES;
				INFOPLIST_KEY_UISupportedInterfaceOrientations = "UIInterfaceOrientationLandscapeLeft UIInterfaceOrientationLandscapeRight";
				LD_RUNPATH_SEARCH_PATHS = (
					"$(inherited)",
					"@executable_path/Frameworks",
				);
				MARKETING_VERSION = 1.0;
				PRODUCT_BUNDLE_IDENTIFIER = com.toya.Wasei;
				PRODUCT_NAME = "$(TARGET_NAME)";
				SWIFT_EMIT_LOC_STRINGS = YES;
				SWIFT_VERSION = 5.0;
				TARGETED_DEVICE_FAMILY = "1,2";
			};
			name = Debug;
		};
		87C13F782E3C7952003BBBDF /* Release */ = {
			isa = XCBuildConfiguration;
			buildSettings = {
				ASSETCATALOG_COMPILER_APPICON_NAME = AppIcon;
				ASSETCATALOG_COMPILER_GLOBAL_ACCENT_COLOR_NAME = AccentColor;
				CODE_SIGN_STYLE = Automatic;
				CURRENT_PROJECT_VERSION = 1;
				DEVELOPMENT_TEAM = YL5H56U3P2;
				ENABLE_PREVIEWS = YES;
				GENERATE_INFOPLIST_FILE = YES;
				INFOPLIST_KEY_UIApplicationSceneManifest_Generation = YES;
				INFOPLIST_KEY_UIApplicationSupportsIndirectInputEvents = YES;
				INFOPLIST_KEY_UILaunchScreen_Generation = YES;
				INFOPLIST_KEY_UISupportedInterfaceOrientations = "UIInterfaceOrientationLandscapeLeft UIInterfaceOrientationLandscapeRight";
				LD_RUNPATH_SEARCH_PATHS = (
					"$(inherited)",
					"@executable_path/Frameworks",
				);
				MARKETING_VERSION = 1.0;
				PRODUCT_BUNDLE_IDENTIFIER = com.toya.Wasei;
				PRODUCT_NAME = "$(TARGET_NAME)";
				SWIFT_EMIT_LOC_STRINGS = YES;
				SWIFT_VERSION = 5.0;
				TARGETED_DEVICE_FAMILY = "1,2";
			};
			name = Release;
		};
		87C13F7A2E3C7952003BBBDF /* Debug */ = {
			isa = XCBuildConfiguration;
			buildSettings = {
				BUNDLE_LOADER = "$(TEST_HOST)";
				CODE_SIGN_STYLE = Automatic;
				CURRENT_PROJECT_VERSION = 1;
				DEVELOPMENT_TEAM = YL5H56U3P2;
				GENERATE_INFOPLIST_FILE = YES;
				IPHONEOS_DEPLOYMENT_TARGET = 18.5;
				MARKETING_VERSION = 1.0;
				PRODUCT_BUNDLE_IDENTIFIER = com.toya.WaseiTests;
				PRODUCT_NAME = "$(TARGET_NAME)";
				SWIFT_EMIT_LOC_STRINGS = NO;
				SWIFT_VERSION = 5.0;
				TARGETED_DEVICE_FAMILY = "1,2";
				TEST_HOST = "$(BUILT_PRODUCTS_DIR)/Wasei.app/$(BUNDLE_EXECUTABLE_FOLDER_PATH)/Wasei";
			};
			name = Debug;
		};
		87C13F7B2E3C7952003BBBDF /* Release */ = {
			isa = XCBuildConfiguration;
			buildSettings = {
				BUNDLE_LOADER = "$(TEST_HOST)";
				CODE_SIGN_STYLE = Automatic;
				CURRENT_PROJECT_VERSION = 1;
				DEVELOPMENT_TEAM = YL5H56U3P2;
				GENERATE_INFOPLIST_FILE = YES;
				IPHONEOS_DEPLOYMENT_TARGET = 18.5;
				MARKETING_VERSION = 1.0;
				PRODUCT_BUNDLE_IDENTIFIER = com.toya.WaseiTests;
				PRODUCT_NAME = "$(TARGET_NAME)";
				SWIFT_EMIT_LOC_STRINGS = NO;
				SWIFT_VERSION = 5.0;
				TARGETED_DEVICE_FAMILY = "1,2";
				TEST_HOST = "$(BUILT_PRODUCTS_DIR)/Wasei.app/$(BUNDLE_EXECUTABLE_FOLDER_PATH)/Wasei";
			};
			name = Release;
		};
		87C13F7D2E3C7952003BBBDF /* Debug */ = {
			isa = XCBuildConfiguration;
			buildSettings = {
				CODE_SIGN_STYLE = Automatic;
				CURRENT_PROJECT_VERSION = 1;
				DEVELOPMENT_TEAM = YL5H56U3P2;
				GENERATE_INFOPLIST_FILE = YES;
				MARKETING_VERSION = 1.0;
				PRODUCT_BUNDLE_IDENTIFIER = com.toya.WaseiUITests;
				PRODUCT_NAME = "$(TARGET_NAME)";
				SWIFT_EMIT_LOC_STRINGS = NO;
				SWIFT_VERSION = 5.0;
				TARGETED_DEVICE_FAMILY = "1,2";
				TEST_TARGET_NAME = Wasei;
			};
			name = Debug;
		};
		87C13F7E2E3C7952003BBBDF /* Release */ = {
			isa = XCBuildConfiguration;
			buildSettings = {
				CODE_SIGN_STYLE = Automatic;
				CURRENT_PROJECT_VERSION = 1;
				DEVELOPMENT_TEAM = YL5H56U3P2;
				GENERATE_INFOPLIST_FILE = YES;
				MARKETING_VERSION = 1.0;
				PRODUCT_BUNDLE_IDENTIFIER = com.toya.WaseiUITests;
				PRODUCT_NAME = "$(TARGET_NAME)";
				SWIFT_EMIT_LOC_STRINGS = NO;
				SWIFT_VERSION = 5.0;
				TARGETED_DEVICE_FAMILY = "1,2";
				TEST_TARGET_NAME = Wasei;
			};
			name = Release;
		};
/* End XCBuildConfiguration section */

/* Begin XCConfigurationList section */
		87C13F502E3C794C003BBBDF /* Build configuration list for PBXProject "Wasei" */ = {
			isa = XCConfigurationList;
			buildConfigurations = (
				87C13F742E3C7952003BBBDF /* Debug */,
				87C13F752E3C7952003BBBDF /* Release */,
			);
			defaultConfigurationIsVisible = 0;
			defaultConfigurationName = Release;
		};
		87C13F762E3C7952003BBBDF /* Build configuration list for PBXNativeTarget "Wasei" */ = {
			isa = XCConfigurationList;
			buildConfigurations = (
				87C13F772E3C7952003BBBDF /* Debug */,
				87C13F782E3C7952003BBBDF /* Release */,
			);
			defaultConfigurationIsVisible = 0;
			defaultConfigurationName = Release;
		};
		87C13F792E3C7952003BBBDF /* Build configuration list for PBXNativeTarget "WaseiTests" */ = {
			isa = XCConfigurationList;
			buildConfigurations = (
				87C13F7A2E3C7952003BBBDF /* Debug */,
				87C13F7B2E3C7952003BBBDF /* Release */,
			);
			defaultConfigurationIsVisible = 0;
			defaultConfigurationName = Release;
		};
		87C13F7C2E3C7952003BBBDF /* Build configuration list for PBXNativeTarget "WaseiUITests" */ = {
			isa = XCConfigurationList;
			buildConfigurations = (
				87C13F7D2E3C7952003BBBDF /* Debug */,
				87C13F7E2E3C7952003BBBDF /* Release */,
			);
			defaultConfigurationIsVisible = 0;
			defaultConfigurationName = Release;
		};
/* End XCConfigurationList section */
	};
	rootObject = 87C13F4D2E3C794C003BBBDF /* Project object */;
}
